github.com/owais/demo-service v0.0.0-20190613185715-a035874fc37e h1:95V7SOiuEp4M+FpUVCiLK5gO+sZPfePZjHCvnThlx24=
github.com/owais/demo-service v0.0.0-20190613192302-e99483851d96 h1:FHHSXHSK6bvkmcQQ9uYhF76BTsN68C4/FJ0q4FQUldg=
github.com/owais/demo-service v0.0.0-20190613192302-e99483851d96/go.mod h1:002vNkYTr7aU35dAqbvYWNtUDmRMHAzqUDH6vaRku+8=
